
Microsoft Visual Studio Solution File, Format Version 12.00
# Visual Studio 14
VisualStudioVersion = 14.0.25123.0
MinimumVisualStudioVersion = 10.0.40219.1
Project("{FAE04EC0-301F-11D3-BF4B-00C04F79EFBC}") = "cyjz_web", "cyjz_web\cyjz_web.csproj", "{576B20A7-C823-48E1-A8B6-C678353B5E9F}"
EndProject
Project("{FAE04EC0-301F-11D3-BF4B-00C04F79EFBC}") = "BIZ", "BIZ\BIZ.csproj", "{6F0F4EF9-B543-4116-933D-CF09143ED0AB}"
EndProject
Project("{FAE04EC0-301F-11D3-BF4B-00C04F79EFBC}") = "CMN", "CMN\CMN.csproj", "{30D781BE-0659-4879-973C-74CF83DE10F1}"
EndProject
Global
	GlobalSection(SolutionConfigurationPlatforms) = preSolution
		Debug|Any CPU = Debug|Any CPU
		Release|Any CPU = Release|Any CPU
	EndGlobalSection
	GlobalSection(ProjectConfigurationPlatforms) = postSolution
		{576B20A7-C823-48E1-A8B6-C678353B5E9F}.Debug|Any CPU.ActiveCfg = Debug|Any CPU
		{576B20A7-C823-48E1-A8B6-C678353B5E9F}.Debug|Any CPU.Build.0 = Debug|Any CPU
		{576B20A7-C823-48E1-A8B6-C678353B5E9F}.Release|Any CPU.ActiveCfg = Release|Any CPU
		{576B20A7-C823-48E1-A8B6-C678353B5E9F}.Release|Any CPU.Build.0 = Release|Any CPU
		{6F0F4EF9-B543-4116-933D-CF09143ED0AB}.Debug|Any CPU.ActiveCfg = Debug|Any CPU
		{6F0F4EF9-B543-4116-933D-CF09143ED0AB}.Debug|Any CPU.Build.0 = Debug|Any CPU
		{6F0F4EF9-B543-4116-933D-CF09143ED0AB}.Release|Any CPU.ActiveCfg = Release|Any CPU
		{6F0F4EF9-B543-4116-933D-CF09143ED0AB}.Release|Any CPU.Build.0 = Release|Any CPU
		{30D781BE-0659-4879-973C-74CF83DE10F1}.Debug|Any CPU.ActiveCfg = Debug|Any CPU
		{30D781BE-0659-4879-973C-74CF83DE10F1}.Debug|Any CPU.Build.0 = Debug|Any CPU
		{30D781BE-0659-4879-973C-74CF83DE10F1}.Release|Any CPU.ActiveCfg = Release|Any CPU
		{30D781BE-0659-4879-973C-74CF83DE10F1}.Release|Any CPU.Build.0 = Release|Any CPU
	EndGlobalSection
	GlobalSection(SolutionProperties) = preSolution
		HideSolutionNode = FALSE
	EndGlobalSection
EndGlobal
